// !$*UTF8*$!
{
	archiveVersion = 1;
	classes = {
	};
	objectVersion = 51;
	objects = {

/* Begin PBXBuildFile section */
		1FC9582FC6A582ABCA216C94 /* Pods_GottaGo.framework in Frameworks */ = {isa = PBXBuildFile; fileRef = 1615A7745E30A7E85D283264 /* Pods_GottaGo.framework */; };
		78010313E071C856E8D256D5 /* Pods_GottaGoTests.framework in Frameworks */ = {isa = PBXBuildFile; fileRef = 852F524092EDEDE75D27CD1F /* Pods_GottaGoTests.framework */; };
		7801771223DF8F0500BC0DF4 /* AppDelegate.swift in Sources */ = {isa = PBXBuildFile; fileRef = 7801771123DF8F0500BC0DF4 /* AppDelegate.swift */; };
		7801771423DF8F0500BC0DF4 /* SceneDelegate.swift in Sources */ = {isa = PBXBuildFile; fileRef = 7801771323DF8F0500BC0DF4 /* SceneDelegate.swift */; };
		7801771823DF8F1100BC0DF4 /* Assets.xcassets in Resources */ = {isa = PBXBuildFile; fileRef = 7801771723DF8F1100BC0DF4 /* Assets.xcassets */; };
		7801771B23DF8F1100BC0DF4 /* Preview Assets.xcassets in Resources */ = {isa = PBXBuildFile; fileRef = 7801771A23DF8F1100BC0DF4 /* Preview Assets.xcassets */; };
		7801771E23DF8F1100BC0DF4 /* LaunchScreen.storyboard in Resources */ = {isa = PBXBuildFile; fileRef = 7801771C23DF8F1100BC0DF4 /* LaunchScreen.storyboard */; };
		7801772923DF8F1100BC0DF4 /* GottaGoTests.swift in Sources */ = {isa = PBXBuildFile; fileRef = 7801772823DF8F1100BC0DF4 /* GottaGoTests.swift */; };
		78DFFD2423E0A792008F0DFA /* MapKit.framework in Frameworks */ = {isa = PBXBuildFile; fileRef = 78DFFD2323E0A792008F0DFA /* MapKit.framework */; };
		78DFFD2623E0AB20008F0DFA /* CircleImage.swift in Sources */ = {isa = PBXBuildFile; fileRef = 78DFFD2523E0AB20008F0DFA /* CircleImage.swift */; };
		78DFFD2823E0AE88008F0DFA /* MapView.swift in Sources */ = {isa = PBXBuildFile; fileRef = 78DFFD2723E0AE88008F0DFA /* MapView.swift */; };
		B916A5582411711200C774B7 /* ToiletView.swift in Sources */ = {isa = PBXBuildFile; fileRef = B916A5572411711200C774B7 /* ToiletView.swift */; };
		B916A55A2413EE8300C774B7 /* RatingView.swift in Sources */ = {isa = PBXBuildFile; fileRef = B916A5592413EE8300C774B7 /* RatingView.swift */; };
		B973BE0D241C3F9E005094B4 /* GoogleService-Info.plist in Resources */ = {isa = PBXBuildFile; fileRef = B973BE0C241C3F9E005094B4 /* GoogleService-Info.plist */; };
		B98F22BA23FDF2C4008284E8 /* MapOptions.swift in Sources */ = {isa = PBXBuildFile; fileRef = B98F22B923FDF2C4008284E8 /* MapOptions.swift */; };
		B9A505EE23F5BBE500E7E1D0 /* MainView.swift in Sources */ = {isa = PBXBuildFile; fileRef = B9A505ED23F5BBE500E7E1D0 /* MainView.swift */; };
		B9C03FDC23F85BEB008C9558 /* toiletData.json in Resources */ = {isa = PBXBuildFile; fileRef = B9C03FDB23F85BEB008C9558 /* toiletData.json */; };
		B9C03FE023F85FD0008C9558 /* ToiletList.swift in Sources */ = {isa = PBXBuildFile; fileRef = B9C03FDF23F85FD0008C9558 /* ToiletList.swift */; };
		B9C03FE223F86271008C9558 /* Toilet.swift in Sources */ = {isa = PBXBuildFile; fileRef = B9C03FE123F86271008C9558 /* Toilet.swift */; };
		B9C03FE723F864B5008C9558 /* mockToilet3.jpg in Resources */ = {isa = PBXBuildFile; fileRef = B9C03FE423F864B5008C9558 /* mockToilet3.jpg */; };
		B9C03FE823F864B5008C9558 /* mockToilet1.jpg in Resources */ = {isa = PBXBuildFile; fileRef = B9C03FE523F864B5008C9558 /* mockToilet1.jpg */; };
		B9C03FE923F864B5008C9558 /* mockToilet2.jpg in Resources */ = {isa = PBXBuildFile; fileRef = B9C03FE623F864B5008C9558 /* mockToilet2.jpg */; };
		B9C03FED23F8739A008C9558 /* Data.swift in Sources */ = {isa = PBXBuildFile; fileRef = B9C03FEC23F8739A008C9558 /* Data.swift */; };
		B9EC12A123F8879200E4AB1A /* ToiletRow.swift in Sources */ = {isa = PBXBuildFile; fileRef = B9EC12A023F8879200E4AB1A /* ToiletRow.swift */; };
/* End PBXBuildFile section */

/* Begin PBXContainerItemProxy section */
		7801772523DF8F1100BC0DF4 /* PBXContainerItemProxy */ = {
			isa = PBXContainerItemProxy;
			containerPortal = 7801770623DF8F0500BC0DF4 /* Project object */;
			proxyType = 1;
			remoteGlobalIDString = 7801770D23DF8F0500BC0DF4;
			remoteInfo = GottaGo;
		};
/* End PBXContainerItemProxy section */

/* Begin PBXFileReference section */
		1615A7745E30A7E85D283264 /* Pods_GottaGo.framework */ = {isa = PBXFileReference; explicitFileType = wrapper.framework; includeInIndex = 0; path = Pods_GottaGo.framework; sourceTree = BUILT_PRODUCTS_DIR; };
		5CE269EB8BAA486073ADA3A2 /* Pods-GottaGo.release.xcconfig */ = {isa = PBXFileReference; includeInIndex = 1; lastKnownFileType = text.xcconfig; name = "Pods-GottaGo.release.xcconfig"; path = "Target Support Files/Pods-GottaGo/Pods-GottaGo.release.xcconfig"; sourceTree = "<group>"; };
		5DD9AAA792961D8FF47809EC /* Pods-GottaGoTests.release.xcconfig */ = {isa = PBXFileReference; includeInIndex = 1; lastKnownFileType = text.xcconfig; name = "Pods-GottaGoTests.release.xcconfig"; path = "Target Support Files/Pods-GottaGoTests/Pods-GottaGoTests.release.xcconfig"; sourceTree = "<group>"; };
		7801770E23DF8F0500BC0DF4 /* GottaGo.app */ = {isa = PBXFileReference; explicitFileType = wrapper.application; includeInIndex = 0; path = GottaGo.app; sourceTree = BUILT_PRODUCTS_DIR; };
		7801771123DF8F0500BC0DF4 /* AppDelegate.swift */ = {isa = PBXFileReference; lastKnownFileType = sourcecode.swift; path = AppDelegate.swift; sourceTree = "<group>"; };
		7801771323DF8F0500BC0DF4 /* SceneDelegate.swift */ = {isa = PBXFileReference; lastKnownFileType = sourcecode.swift; path = SceneDelegate.swift; sourceTree = "<group>"; };
		7801771723DF8F1100BC0DF4 /* Assets.xcassets */ = {isa = PBXFileReference; lastKnownFileType = folder.assetcatalog; path = Assets.xcassets; sourceTree = "<group>"; };
		7801771A23DF8F1100BC0DF4 /* Preview Assets.xcassets */ = {isa = PBXFileReference; lastKnownFileType = folder.assetcatalog; path = "Preview Assets.xcassets"; sourceTree = "<group>"; };
		7801771D23DF8F1100BC0DF4 /* Base */ = {isa = PBXFileReference; lastKnownFileType = file.storyboard; name = Base; path = Base.lproj/LaunchScreen.storyboard; sourceTree = "<group>"; };
		7801771F23DF8F1100BC0DF4 /* Info.plist */ = {isa = PBXFileReference; lastKnownFileType = text.plist.xml; path = Info.plist; sourceTree = "<group>"; };
		7801772423DF8F1100BC0DF4 /* GottaGoTests.xctest */ = {isa = PBXFileReference; explicitFileType = wrapper.cfbundle; includeInIndex = 0; path = GottaGoTests.xctest; sourceTree = BUILT_PRODUCTS_DIR; };
		7801772823DF8F1100BC0DF4 /* GottaGoTests.swift */ = {isa = PBXFileReference; lastKnownFileType = sourcecode.swift; path = GottaGoTests.swift; sourceTree = "<group>"; };
		7801772A23DF8F1100BC0DF4 /* Info.plist */ = {isa = PBXFileReference; lastKnownFileType = text.plist.xml; path = Info.plist; sourceTree = "<group>"; };
		782073F4241A99D700ECFAE2 /* GoogleService-Info.plist */ = {isa = PBXFileReference; lastKnownFileType = text.plist.xml; name = "GoogleService-Info.plist"; path = "/Users/ericmathusek/OneDrive/Documents/Semester 11/Senior Project/GottaGo/GoogleService-Info.plist"; sourceTree = "<absolute>"; };
		78DFFD2323E0A792008F0DFA /* MapKit.framework */ = {isa = PBXFileReference; lastKnownFileType = wrapper.framework; name = MapKit.framework; path = System/Library/Frameworks/MapKit.framework; sourceTree = SDKROOT; };
		78DFFD2523E0AB20008F0DFA /* CircleImage.swift */ = {isa = PBXFileReference; lastKnownFileType = sourcecode.swift; path = CircleImage.swift; sourceTree = "<group>"; };
		78DFFD2723E0AE88008F0DFA /* MapView.swift */ = {isa = PBXFileReference; lastKnownFileType = sourcecode.swift; path = MapView.swift; sourceTree = "<group>"; };
		852F524092EDEDE75D27CD1F /* Pods_GottaGoTests.framework */ = {isa = PBXFileReference; explicitFileType = wrapper.framework; includeInIndex = 0; path = Pods_GottaGoTests.framework; sourceTree = BUILT_PRODUCTS_DIR; };
		B916A5572411711200C774B7 /* ToiletView.swift */ = {isa = PBXFileReference; lastKnownFileType = sourcecode.swift; path = ToiletView.swift; sourceTree = "<group>"; };
		B916A5592413EE8300C774B7 /* RatingView.swift */ = {isa = PBXFileReference; lastKnownFileType = sourcecode.swift; path = RatingView.swift; sourceTree = "<group>"; };
		B973BE0C241C3F9E005094B4 /* GoogleService-Info.plist */ = {isa = PBXFileReference; fileEncoding = 4; lastKnownFileType = text.plist.xml; path = "GoogleService-Info.plist"; sourceTree = "<group>"; };
		B98F22B923FDF2C4008284E8 /* MapOptions.swift */ = {isa = PBXFileReference; lastKnownFileType = sourcecode.swift; path = MapOptions.swift; sourceTree = "<group>"; };
		B9A505ED23F5BBE500E7E1D0 /* MainView.swift */ = {isa = PBXFileReference; lastKnownFileType = sourcecode.swift; path = MainView.swift; sourceTree = "<group>"; };
		B9C03FDB23F85BEB008C9558 /* toiletData.json */ = {isa = PBXFileReference; lastKnownFileType = text.json; path = toiletData.json; sourceTree = "<group>"; };
		B9C03FDF23F85FD0008C9558 /* ToiletList.swift */ = {isa = PBXFileReference; lastKnownFileType = sourcecode.swift; path = ToiletList.swift; sourceTree = "<group>"; };
		B9C03FE123F86271008C9558 /* Toilet.swift */ = {isa = PBXFileReference; lastKnownFileType = sourcecode.swift; path = Toilet.swift; sourceTree = "<group>"; };
		B9C03FE423F864B5008C9558 /* mockToilet3.jpg */ = {isa = PBXFileReference; lastKnownFileType = image.jpeg; path = mockToilet3.jpg; sourceTree = "<group>"; };
		B9C03FE523F864B5008C9558 /* mockToilet1.jpg */ = {isa = PBXFileReference; lastKnownFileType = image.jpeg; path = mockToilet1.jpg; sourceTree = "<group>"; };
		B9C03FE623F864B5008C9558 /* mockToilet2.jpg */ = {isa = PBXFileReference; lastKnownFileType = image.jpeg; path = mockToilet2.jpg; sourceTree = "<group>"; };
		B9C03FEC23F8739A008C9558 /* Data.swift */ = {isa = PBXFileReference; lastKnownFileType = sourcecode.swift; path = Data.swift; sourceTree = "<group>"; };
		B9EC12A023F8879200E4AB1A /* ToiletRow.swift */ = {isa = PBXFileReference; lastKnownFileType = sourcecode.swift; path = ToiletRow.swift; sourceTree = "<group>"; };
		E1DB1A66CA51B9DA1FEA1A27 /* Pods-GottaGo.debug.xcconfig */ = {isa = PBXFileReference; includeInIndex = 1; lastKnownFileType = text.xcconfig; name = "Pods-GottaGo.debug.xcconfig"; path = "Target Support Files/Pods-GottaGo/Pods-GottaGo.debug.xcconfig"; sourceTree = "<group>"; };
		ECB0C305DB3485CA674BC4C3 /* Pods-GottaGoTests.debug.xcconfig */ = {isa = PBXFileReference; includeInIndex = 1; lastKnownFileType = text.xcconfig; name = "Pods-GottaGoTests.debug.xcconfig"; path = "Target Support Files/Pods-GottaGoTests/Pods-GottaGoTests.debug.xcconfig"; sourceTree = "<group>"; };
/* End PBXFileReference section */

/* Begin PBXFrameworksBuildPhase section */
		7801770B23DF8F0500BC0DF4 /* Frameworks */ = {
			isa = PBXFrameworksBuildPhase;
			buildActionMask = 2147483647;
			files = (
				78DFFD2423E0A792008F0DFA /* MapKit.framework in Frameworks */,
				1FC9582FC6A582ABCA216C94 /* Pods_GottaGo.framework in Frameworks */,
			);
			runOnlyForDeploymentPostprocessing = 0;
		};
		7801772123DF8F1100BC0DF4 /* Frameworks */ = {
			isa = PBXFrameworksBuildPhase;
			buildActionMask = 2147483647;
			files = (
				78010313E071C856E8D256D5 /* Pods_GottaGoTests.framework in Frameworks */,
			);
			runOnlyForDeploymentPostprocessing = 0;
		};
/* End PBXFrameworksBuildPhase section */

/* Begin PBXGroup section */
		7801770523DF8F0500BC0DF4 = {
			isa = PBXGroup;
			children = (
				7801771023DF8F0500BC0DF4 /* GottaGo */,
				7801772723DF8F1100BC0DF4 /* GottaGoTests */,
				7801770F23DF8F0500BC0DF4 /* Products */,
				78DFFD2223E0A792008F0DFA /* Frameworks */,
				BCF7E54C4D5903274894BF3F /* Pods */,
			);
			sourceTree = "<group>";
		};
		7801770F23DF8F0500BC0DF4 /* Products */ = {
			isa = PBXGroup;
			children = (
				7801770E23DF8F0500BC0DF4 /* GottaGo.app */,
				7801772423DF8F1100BC0DF4 /* GottaGoTests.xctest */,
			);
			name = Products;
			sourceTree = "<group>";
		};
		7801771023DF8F0500BC0DF4 /* GottaGo */ = {
			isa = PBXGroup;
			children = (
				7801771123DF8F0500BC0DF4 /* AppDelegate.swift */,
				7801771323DF8F0500BC0DF4 /* SceneDelegate.swift */,
				B9A505ED23F5BBE500E7E1D0 /* MainView.swift */,
				B916A5572411711200C774B7 /* ToiletView.swift */,
				B9C03FDF23F85FD0008C9558 /* ToiletList.swift */,
				B9C03FEB23F86EE5008C9558 /* Supporting Views */,
				B9C03FEA23F8685D008C9558 /* Models */,
				B9C03FE323F86487008C9558 /* Resources */,
				78DFFD2523E0AB20008F0DFA /* CircleImage.swift */,
				7801771723DF8F1100BC0DF4 /* Assets.xcassets */,
				7801771C23DF8F1100BC0DF4 /* LaunchScreen.storyboard */,
				B973BE0C241C3F9E005094B4 /* GoogleService-Info.plist */,
				7801771F23DF8F1100BC0DF4 /* Info.plist */,
				7801771923DF8F1100BC0DF4 /* Preview Content */,
			);
			path = GottaGo;
			sourceTree = "<group>";
		};
		7801771923DF8F1100BC0DF4 /* Preview Content */ = {
			isa = PBXGroup;
			children = (
				7801771A23DF8F1100BC0DF4 /* Preview Assets.xcassets */,
			);
			path = "Preview Content";
			sourceTree = "<group>";
		};
		7801772723DF8F1100BC0DF4 /* GottaGoTests */ = {
			isa = PBXGroup;
			children = (
				7801772823DF8F1100BC0DF4 /* GottaGoTests.swift */,
				7801772A23DF8F1100BC0DF4 /* Info.plist */,
			);
			path = GottaGoTests;
			sourceTree = "<group>";
		};
		78DFFD2223E0A792008F0DFA /* Frameworks */ = {
			isa = PBXGroup;
			children = (
				782073F4241A99D700ECFAE2 /* GoogleService-Info.plist */,
				78DFFD2323E0A792008F0DFA /* MapKit.framework */,
				1615A7745E30A7E85D283264 /* Pods_GottaGo.framework */,
				852F524092EDEDE75D27CD1F /* Pods_GottaGoTests.framework */,
			);
			name = Frameworks;
			sourceTree = "<group>";
		};
		B9C03FE323F86487008C9558 /* Resources */ = {
			isa = PBXGroup;
			children = (
				B9C03FE523F864B5008C9558 /* mockToilet1.jpg */,
				B9C03FE623F864B5008C9558 /* mockToilet2.jpg */,
				B9C03FE423F864B5008C9558 /* mockToilet3.jpg */,
				B9C03FDB23F85BEB008C9558 /* toiletData.json */,
			);
			path = Resources;
			sourceTree = "<group>";
		};
		B9C03FEA23F8685D008C9558 /* Models */ = {
			isa = PBXGroup;
			children = (
				B9C03FE123F86271008C9558 /* Toilet.swift */,
				B9C03FEC23F8739A008C9558 /* Data.swift */,
			);
			path = Models;
			sourceTree = "<group>";
		};
		B9C03FEB23F86EE5008C9558 /* Supporting Views */ = {
			isa = PBXGroup;
			children = (
				78DFFD2723E0AE88008F0DFA /* MapView.swift */,
				B9EC12A023F8879200E4AB1A /* ToiletRow.swift */,
				B98F22B923FDF2C4008284E8 /* MapOptions.swift */,
				B916A5592413EE8300C774B7 /* RatingView.swift */,
			);
			path = "Supporting Views";
			sourceTree = "<group>";
		};
		BCF7E54C4D5903274894BF3F /* Pods */ = {
			isa = PBXGroup;
			children = (
				E1DB1A66CA51B9DA1FEA1A27 /* Pods-GottaGo.debug.xcconfig */,
				5CE269EB8BAA486073ADA3A2 /* Pods-GottaGo.release.xcconfig */,
				ECB0C305DB3485CA674BC4C3 /* Pods-GottaGoTests.debug.xcconfig */,
				5DD9AAA792961D8FF47809EC /* Pods-GottaGoTests.release.xcconfig */,
			);
			path = Pods;
			sourceTree = "<group>";
		};
/* End PBXGroup section */

/* Begin PBXNativeTarget section */
		7801770D23DF8F0500BC0DF4 /* GottaGo */ = {
			isa = PBXNativeTarget;
			buildConfigurationList = 7801772D23DF8F1100BC0DF4 /* Build configuration list for PBXNativeTarget "GottaGo" */;
			buildPhases = (
				7B53928E0746B270163DE7C4 /* [CP] Check Pods Manifest.lock */,
				7801770A23DF8F0500BC0DF4 /* Sources */,
				7801770B23DF8F0500BC0DF4 /* Frameworks */,
				7801770C23DF8F0500BC0DF4 /* Resources */,
				7272E8C9595D30E75E7BE8BC /* [CP] Embed Pods Frameworks */,
			);
			buildRules = (
			);
			dependencies = (
			);
			name = GottaGo;
			productName = GottaGo;
			productReference = 7801770E23DF8F0500BC0DF4 /* GottaGo.app */;
			productType = "com.apple.product-type.application";
		};
		7801772323DF8F1100BC0DF4 /* GottaGoTests */ = {
			isa = PBXNativeTarget;
			buildConfigurationList = 7801773023DF8F1100BC0DF4 /* Build configuration list for PBXNativeTarget "GottaGoTests" */;
			buildPhases = (
				05B5B94F759E5951BF569E6D /* [CP] Check Pods Manifest.lock */,
				7801772023DF8F1100BC0DF4 /* Sources */,
				7801772123DF8F1100BC0DF4 /* Frameworks */,
				7801772223DF8F1100BC0DF4 /* Resources */,
				92206D88180F50D818353BEB /* [CP] Embed Pods Frameworks */,
			);
			buildRules = (
			);
			dependencies = (
				7801772623DF8F1100BC0DF4 /* PBXTargetDependency */,
			);
			name = GottaGoTests;
			productName = GottaGoTests;
			productReference = 7801772423DF8F1100BC0DF4 /* GottaGoTests.xctest */;
			productType = "com.apple.product-type.bundle.unit-test";
		};
/* End PBXNativeTarget section */

/* Begin PBXProject section */
		7801770623DF8F0500BC0DF4 /* Project object */ = {
			isa = PBXProject;
			attributes = {
				LastSwiftUpdateCheck = 1130;
				LastUpgradeCheck = 1130;
				ORGANIZATIONNAME = "Eric Mathusek";
				TargetAttributes = {
					7801770D23DF8F0500BC0DF4 = {
						CreatedOnToolsVersion = 11.3.1;
					};
					7801772323DF8F1100BC0DF4 = {
						CreatedOnToolsVersion = 11.3.1;
						TestTargetID = 7801770D23DF8F0500BC0DF4;
					};
				};
			};
			buildConfigurationList = 7801770923DF8F0500BC0DF4 /* Build configuration list for PBXProject "GottaGo" */;
			compatibilityVersion = "Xcode 9.3";
			developmentRegion = en;
			hasScannedForEncodings = 0;
			knownRegions = (
				en,
				Base,
			);
			mainGroup = 7801770523DF8F0500BC0DF4;
			productRefGroup = 7801770F23DF8F0500BC0DF4 /* Products */;
			projectDirPath = "";
			projectRoot = "";
			targets = (
				7801770D23DF8F0500BC0DF4 /* GottaGo */,
				7801772323DF8F1100BC0DF4 /* GottaGoTests */,
			);
		};
/* End PBXProject section */

/* Begin PBXResourcesBuildPhase section */
		7801770C23DF8F0500BC0DF4 /* Resources */ = {
			isa = PBXResourcesBuildPhase;
			buildActionMask = 2147483647;
			files = (
				7801771E23DF8F1100BC0DF4 /* LaunchScreen.storyboard in Resources */,
				B973BE0D241C3F9E005094B4 /* GoogleService-Info.plist in Resources */,
				B9C03FDC23F85BEB008C9558 /* toiletData.json in Resources */,
				7801771B23DF8F1100BC0DF4 /* Preview Assets.xcassets in Resources */,
				B9C03FE723F864B5008C9558 /* mockToilet3.jpg in Resources */,
				B9C03FE823F864B5008C9558 /* mockToilet1.jpg in Resources */,
				B9C03FE923F864B5008C9558 /* mockToilet2.jpg in Resources */,
				7801771823DF8F1100BC0DF4 /* Assets.xcassets in Resources */,
			);
			runOnlyForDeploymentPostprocessing = 0;
		};
		7801772223DF8F1100BC0DF4 /* Resources */ = {
			isa = PBXResourcesBuildPhase;
			buildActionMask = 2147483647;
			files = (
			);
			runOnlyForDeploymentPostprocessing = 0;
		};
/* End PBXResourcesBuildPhase section */

/* Begin PBXShellScriptBuildPhase section */
		05B5B94F759E5951BF569E6D /* [CP] Check Pods Manifest.lock */ = {
			isa = PBXShellScriptBuildPhase;
			buildActionMask = 2147483647;
			files = (
			);
			inputFileListPaths = (
			);
			inputPaths = (
				"${PODS_PODFILE_DIR_PATH}/Podfile.lock",
				"${PODS_ROOT}/Manifest.lock",
			);
			name = "[CP] Check Pods Manifest.lock";
			outputFileListPaths = (
			);
			outputPaths = (
				"$(DERIVED_FILE_DIR)/Pods-GottaGoTests-checkManifestLockResult.txt",
			);
			runOnlyForDeploymentPostprocessing = 0;
			shellPath = /bin/sh;
			shellScript = "diff \"${PODS_PODFILE_DIR_PATH}/Podfile.lock\" \"${PODS_ROOT}/Manifest.lock\" > /dev/null\nif [ $? != 0 ] ; then\n    # print error to STDERR\n    echo \"error: The sandbox is not in sync with the Podfile.lock. Run 'pod install' or update your CocoaPods installation.\" >&2\n    exit 1\nfi\n# This output is used by Xcode 'outputs' to avoid re-running this script phase.\necho \"SUCCESS\" > \"${SCRIPT_OUTPUT_FILE_0}\"\n";
			showEnvVarsInLog = 0;
		};
		7272E8C9595D30E75E7BE8BC /* [CP] Embed Pods Frameworks */ = {
			isa = PBXShellScriptBuildPhase;
			buildActionMask = 2147483647;
			files = (
			);
			inputFileListPaths = (
				"${PODS_ROOT}/Target Support Files/Pods-GottaGo/Pods-GottaGo-frameworks-${CONFIGURATION}-input-files.xcfilelist",
			);
			name = "[CP] Embed Pods Frameworks";
			outputFileListPaths = (
				"${PODS_ROOT}/Target Support Files/Pods-GottaGo/Pods-GottaGo-frameworks-${CONFIGURATION}-output-files.xcfilelist",
			);
			runOnlyForDeploymentPostprocessing = 0;
			shellPath = /bin/sh;
			shellScript = "\"${PODS_ROOT}/Target Support Files/Pods-GottaGo/Pods-GottaGo-frameworks.sh\"\n";
			showEnvVarsInLog = 0;
		};
		7B53928E0746B270163DE7C4 /* [CP] Check Pods Manifest.lock */ = {
			isa = PBXShellScriptBuildPhase;
			buildActionMask = 2147483647;
			files = (
			);
			inputFileListPaths = (
			);
			inputPaths = (
				"${PODS_PODFILE_DIR_PATH}/Podfile.lock",
				"${PODS_ROOT}/Manifest.lock",
			);
			name = "[CP] Check Pods Manifest.lock";
			outputFileListPaths = (
			);
			outputPaths = (
				"$(DERIVED_FILE_DIR)/Pods-GottaGo-checkManifestLockResult.txt",
			);
			runOnlyForDeploymentPostprocessing = 0;
			shellPath = /bin/sh;
			shellScript = "diff \"${PODS_PODFILE_DIR_PATH}/Podfile.lock\" \"${PODS_ROOT}/Manifest.lock\" > /dev/null\nif [ $? != 0 ] ; then\n    # print error to STDERR\n    echo \"error: The sandbox is not in sync with the Podfile.lock. Run 'pod install' or update your CocoaPods installation.\" >&2\n    exit 1\nfi\n# This output is used by Xcode 'outputs' to avoid re-running this script phase.\necho \"SUCCESS\" > \"${SCRIPT_OUTPUT_FILE_0}\"\n";
			showEnvVarsInLog = 0;
		};
		92206D88180F50D818353BEB /* [CP] Embed Pods Frameworks */ = {
			isa = PBXShellScriptBuildPhase;
			buildActionMask = 2147483647;
			files = (
			);
			inputFileListPaths = (
				"${PODS_ROOT}/Target Support Files/Pods-GottaGoTests/Pods-GottaGoTests-frameworks-${CONFIGURATION}-input-files.xcfilelist",
			);
			name = "[CP] Embed Pods Frameworks";
			outputFileListPaths = (
				"${PODS_ROOT}/Target Support Files/Pods-GottaGoTests/Pods-GottaGoTests-frameworks-${CONFIGURATION}-output-files.xcfilelist",
			);
			runOnlyForDeploymentPostprocessing = 0;
			shellPath = /bin/sh;
			shellScript = "\"${PODS_ROOT}/Target Support Files/Pods-GottaGoTests/Pods-GottaGoTests-frameworks.sh\"\n";
			showEnvVarsInLog = 0;
		};
/* End PBXShellScriptBuildPhase section */

/* Begin PBXSourcesBuildPhase section */
		7801770A23DF8F0500BC0DF4 /* Sources */ = {
			isa = PBXSourcesBuildPhase;
			buildActionMask = 2147483647;
			files = (
				7801771223DF8F0500BC0DF4 /* AppDelegate.swift in Sources */,
				B9A505EE23F5BBE500E7E1D0 /* MainView.swift in Sources */,
				B9C03FED23F8739A008C9558 /* Data.swift in Sources */,
				B916A55A2413EE8300C774B7 /* RatingView.swift in Sources */,
				B9C03FE223F86271008C9558 /* Toilet.swift in Sources */,
				B9C03FE023F85FD0008C9558 /* ToiletList.swift in Sources */,
				B9EC12A123F8879200E4AB1A /* ToiletRow.swift in Sources */,
				B98F22BA23FDF2C4008284E8 /* MapOptions.swift in Sources */,
				B916A5582411711200C774B7 /* ToiletView.swift in Sources */,
				78DFFD2623E0AB20008F0DFA /* CircleImage.swift in Sources */,
				7801771423DF8F0500BC0DF4 /* SceneDelegate.swift in Sources */,
				78DFFD2823E0AE88008F0DFA /* MapView.swift in Sources */,
			);
			runOnlyForDeploymentPostprocessing = 0;
		};
		7801772023DF8F1100BC0DF4 /* Sources */ = {
			isa = PBXSourcesBuildPhase;
			buildActionMask = 2147483647;
			files = (
				7801772923DF8F1100BC0DF4 /* GottaGoTests.swift in Sources */,
			);
			runOnlyForDeploymentPostprocessing = 0;
		};
/* End PBXSourcesBuildPhase section */

/* Begin PBXTargetDependency section */
		7801772623DF8F1100BC0DF4 /* PBXTargetDependency */ = {
			isa = PBXTargetDependency;
			target = 7801770D23DF8F0500BC0DF4 /* GottaGo */;
			targetProxy = 7801772523DF8F1100BC0DF4 /* PBXContainerItemProxy */;
		};
/* End PBXTargetDependency section */

/* Begin PBXVariantGroup section */
		7801771C23DF8F1100BC0DF4 /* LaunchScreen.storyboard */ = {
			isa = PBXVariantGroup;
			children = (
				7801771D23DF8F1100BC0DF4 /* Base */,
			);
			name = LaunchScreen.storyboard;
			sourceTree = "<group>";
		};
/* End PBXVariantGroup section */

/* Begin XCBuildConfiguration section */
		7801772B23DF8F1100BC0DF4 /* Debug */ = {
			isa = XCBuildConfiguration;
			buildSettings = {
				ALWAYS_SEARCH_USER_PATHS = NO;
				CLANG_ANALYZER_NONNULL = YES;
				CLANG_ANALYZER_NUMBER_OBJECT_CONVERSION = YES_AGGRESSIVE;
				CLANG_CXX_LANGUAGE_STANDARD = "gnu++14";
				CLANG_CXX_LIBRARY = "libc++";
				CLANG_ENABLE_MODULES = YES;
				CLANG_ENABLE_OBJC_ARC = YES;
				CLANG_ENABLE_OBJC_WEAK = YES;
				CLANG_WARN_BLOCK_CAPTURE_AUTORELEASING = YES;
				CLANG_WARN_BOOL_CONVERSION = YES;
				CLANG_WARN_COMMA = YES;
				CLANG_WARN_CONSTANT_CONVERSION = YES;
				CLANG_WARN_DEPRECATED_OBJC_IMPLEMENTATIONS = YES;
				CLANG_WARN_DIRECT_OBJC_ISA_USAGE = YES_ERROR;
				CLANG_WARN_DOCUMENTATION_COMMENTS = YES;
				CLANG_WARN_EMPTY_BODY = YES;
				CLANG_WARN_ENUM_CONVERSION = YES;
				CLANG_WARN_INFINITE_RECURSION = YES;
				CLANG_WARN_INT_CONVERSION = YES;
				CLANG_WARN_NON_LITERAL_NULL_CONVERSION = YES;
				CLANG_WARN_OBJC_IMPLICIT_RETAIN_SELF = YES;
				CLANG_WARN_OBJC_LITERAL_CONVERSION = YES;
				CLANG_WARN_OBJC_ROOT_CLASS = YES_ERROR;
				CLANG_WARN_RANGE_LOOP_ANALYSIS = YES;
				CLANG_WARN_STRICT_PROTOTYPES = YES;
				CLANG_WARN_SUSPICIOUS_MOVE = YES;
				CLANG_WARN_UNGUARDED_AVAILABILITY = YES_AGGRESSIVE;
				CLANG_WARN_UNREACHABLE_CODE = YES;
				CLANG_WARN__DUPLICATE_METHOD_MATCH = YES;
				COPY_PHASE_STRIP = NO;
				DEBUG_INFORMATION_FORMAT = dwarf;
				ENABLE_STRICT_OBJC_MSGSEND = YES;
				ENABLE_TESTABILITY = YES;
				GCC_C_LANGUAGE_STANDARD = gnu11;
				GCC_DYNAMIC_NO_PIC = NO;
				GCC_NO_COMMON_BLOCKS = YES;
				GCC_OPTIMIZATION_LEVEL = 0;
				GCC_PREPROCESSOR_DEFINITIONS = (
					"DEBUG=1",
					"$(inherited)",
				);
				GCC_WARN_64_TO_32_BIT_CONVERSION = YES;
				GCC_WARN_ABOUT_RETURN_TYPE = YES_ERROR;
				GCC_WARN_UNDECLARED_SELECTOR = YES;
				GCC_WARN_UNINITIALIZED_AUTOS = YES_AGGRESSIVE;
				GCC_WARN_UNUSED_FUNCTION = YES;
				GCC_WARN_UNUSED_VARIABLE = YES;
				IPHONEOS_DEPLOYMENT_TARGET = 13.2;
				MTL_ENABLE_DEBUG_INFO = INCLUDE_SOURCE;
				MTL_FAST_MATH = YES;
				ONLY_ACTIVE_ARCH = YES;
				SDKROOT = iphoneos;
				SWIFT_ACTIVE_COMPILATION_CONDITIONS = DEBUG;
				SWIFT_OPTIMIZATION_LEVEL = "-Onone";
			};
			name = Debug;
		};
		7801772C23DF8F1100BC0DF4 /* Release */ = {
			isa = XCBuildConfiguration;
			buildSettings = {
				ALWAYS_SEARCH_USER_PATHS = NO;
				CLANG_ANALYZER_NONNULL = YES;
				CLANG_ANALYZER_NUMBER_OBJECT_CONVERSION = YES_AGGRESSIVE;
				CLANG_CXX_LANGUAGE_STANDARD = "gnu++14";
				CLANG_CXX_LIBRARY = "libc++";
				CLANG_ENABLE_MODULES = YES;
				CLANG_ENABLE_OBJC_ARC = YES;
				CLANG_ENABLE_OBJC_WEAK = YES;
				CLANG_WARN_BLOCK_CAPTURE_AUTORELEASING = YES;
				CLANG_WARN_BOOL_CONVERSION = YES;
				CLANG_WARN_COMMA = YES;
				CLANG_WARN_CONSTANT_CONVERSION = YES;
				CLANG_WARN_DEPRECATED_OBJC_IMPLEMENTATIONS = YES;
				CLANG_WARN_DIRECT_OBJC_ISA_USAGE = YES_ERROR;
				CLANG_WARN_DOCUMENTATION_COMMENTS = YES;
				CLANG_WARN_EMPTY_BODY = YES;
				CLANG_WARN_ENUM_CONVERSION = YES;
				CLANG_WARN_INFINITE_RECURSION = YES;
				CLANG_WARN_INT_CONVERSION = YES;
				CLANG_WARN_NON_LITERAL_NULL_CONVERSION = YES;
				CLANG_WARN_OBJC_IMPLICIT_RETAIN_SELF = YES;
				CLANG_WARN_OBJC_LITERAL_CONVERSION = YES;
				CLANG_WARN_OBJC_ROOT_CLASS = YES_ERROR;
				CLANG_WARN_RANGE_LOOP_ANALYSIS = YES;
				CLANG_WARN_STRICT_PROTOTYPES = YES;
				CLANG_WARN_SUSPICIOUS_MOVE = YES;
				CLANG_WARN_UNGUARDED_AVAILABILITY = YES_AGGRESSIVE;
				CLANG_WARN_UNREACHABLE_CODE = YES;
				CLANG_WARN__DUPLICATE_METHOD_MATCH = YES;
				COPY_PHASE_STRIP = NO;
				DEBUG_INFORMATION_FORMAT = "dwarf-with-dsym";
				ENABLE_NS_ASSERTIONS = NO;
				ENABLE_STRICT_OBJC_MSGSEND = YES;
				GCC_C_LANGUAGE_STANDARD = gnu11;
				GCC_NO_COMMON_BLOCKS = YES;
				GCC_WARN_64_TO_32_BIT_CONVERSION = YES;
				GCC_WARN_ABOUT_RETURN_TYPE = YES_ERROR;
				GCC_WARN_UNDECLARED_SELECTOR = YES;
				GCC_WARN_UNINITIALIZED_AUTOS = YES_AGGRESSIVE;
				GCC_WARN_UNUSED_FUNCTION = YES;
				GCC_WARN_UNUSED_VARIABLE = YES;
				IPHONEOS_DEPLOYMENT_TARGET = 13.2;
				MTL_ENABLE_DEBUG_INFO = NO;
				MTL_FAST_MATH = YES;
				SDKROOT = iphoneos;
				SWIFT_COMPILATION_MODE = wholemodule;
				SWIFT_OPTIMIZATION_LEVEL = "-O";
				VALIDATE_PRODUCT = YES;
			};
			name = Release;
		};
		7801772E23DF8F1100BC0DF4 /* Debug */ = {
			isa = XCBuildConfiguration;
			baseConfigurationReference = E1DB1A66CA51B9DA1FEA1A27 /* Pods-GottaGo.debug.xcconfig */;
			buildSettings = {
				ASSETCATALOG_COMPILER_APPICON_NAME = AppIcon;
				CODE_SIGN_STYLE = Automatic;
				DEVELOPMENT_ASSET_PATHS = "\"GottaGo/Preview Content\"";
				DEVELOPMENT_TEAM = QF379UNW8C;
				ENABLE_PREVIEWS = YES;
				INFOPLIST_FILE = GottaGo/Info.plist;
				LD_RUNPATH_SEARCH_PATHS = (
					"$(inherited)",
					"@executable_path/Frameworks",
				);
				PRODUCT_BUNDLE_IDENTIFIER = com.example.GottaGo;
				PRODUCT_NAME = "$(TARGET_NAME)";
				SWIFT_VERSION = 5.0;
				TARGETED_DEVICE_FAMILY = "1,2";
			};
			name = Debug;
		};
		7801772F23DF8F1100BC0DF4 /* Release */ = {
			isa = XCBuildConfiguration;
			baseConfigurationReference = 5CE269EB8BAA486073ADA3A2 /* Pods-GottaGo.release.xcconfig */;
			buildSettings = {
				ASSETCATALOG_COMPILER_APPICON_NAME = AppIcon;
				CODE_SIGN_STYLE = Automatic;
				DEVELOPMENT_ASSET_PATHS = "\"GottaGo/Preview Content\"";
				DEVELOPMENT_TEAM = QF379UNW8C;
				ENABLE_PREVIEWS = YES;
				INFOPLIST_FILE = GottaGo/Info.plist;
				LD_RUNPATH_SEARCH_PATHS = (
					"$(inherited)",
					"@executable_path/Frameworks",
				);
				PRODUCT_BUNDLE_IDENTIFIER = com.example.GottaGo;
				PRODUCT_NAME = "$(TARGET_NAME)";
				SWIFT_VERSION = 5.0;
				TARGETED_DEVICE_FAMILY = "1,2";
			};
			name = Release;
		};
		7801773123DF8F1100BC0DF4 /* Debug */ = {
			isa = XCBuildConfiguration;
			baseConfigurationReference = ECB0C305DB3485CA674BC4C3 /* Pods-GottaGoTests.debug.xcconfig */;
			buildSettings = {
				ALWAYS_EMBED_SWIFT_STANDARD_LIBRARIES = YES;
				BUNDLE_LOADER = "$(TEST_HOST)";
				CODE_SIGN_STYLE = Automatic;
				INFOPLIST_FILE = GottaGoTests/Info.plist;
				IPHONEOS_DEPLOYMENT_TARGET = 13.2;
				LD_RUNPATH_SEARCH_PATHS = (
					"$(inherited)",
					"@executable_path/Frameworks",
					"@loader_path/Frameworks",
				);
				PRODUCT_BUNDLE_IDENTIFIER = com.example.GottaGoTests;
				PRODUCT_NAME = "$(TARGET_NAME)";
				SWIFT_VERSION = 5.0;
				TARGETED_DEVICE_FAMILY = "1,2";
				TEST_HOST = "$(BUILT_PRODUCTS_DIR)/GottaGo.app/GottaGo";
			};
			name = Debug;
		};
		7801773223DF8F1100BC0DF4 /* Release */ = {
			isa = XCBuildConfiguration;
			baseConfigurationReference = 5DD9AAA792961D8FF47809EC /* Pods-GottaGoTests.release.xcconfig */;
			buildSettings = {
				ALWAYS_EMBED_SWIFT_STANDARD_LIBRARIES = YES;
				BUNDLE_LOADER = "$(TEST_HOST)";
				CODE_SIGN_STYLE = Automatic;
				INFOPLIST_FILE = GottaGoTests/Info.plist;
				IPHONEOS_DEPLOYMENT_TARGET = 13.2;
				LD_RUNPATH_SEARCH_PATHS = (
					"$(inherited)",
					"@executable_path/Frameworks",
					"@loader_path/Frameworks",
				);
				PRODUCT_BUNDLE_IDENTIFIER = com.example.GottaGoTests;
				PRODUCT_NAME = "$(TARGET_NAME)";
				SWIFT_VERSION = 5.0;
				TARGETED_DEVICE_FAMILY = "1,2";
				TEST_HOST = "$(BUILT_PRODUCTS_DIR)/GottaGo.app/GottaGo";
			};
			name = Release;
		};
/* End XCBuildConfiguration section */

/* Begin XCConfigurationList section */
		7801770923DF8F0500BC0DF4 /* Build configuration list for PBXProject "GottaGo" */ = {
			isa = XCConfigurationList;
			buildConfigurations = (
				7801772B23DF8F1100BC0DF4 /* Debug */,
				7801772C23DF8F1100BC0DF4 /* Release */,
			);
			defaultConfigurationIsVisible = 0;
			defaultConfigurationName = Release;
		};
		7801772D23DF8F1100BC0DF4 /* Build configuration list for PBXNativeTarget "GottaGo" */ = {
			isa = XCConfigurationList;
			buildConfigurations = (
				7801772E23DF8F1100BC0DF4 /* Debug */,
				7801772F23DF8F1100BC0DF4 /* Release */,
			);
			defaultConfigurationIsVisible = 0;
			defaultConfigurationName = Release;
		};
		7801773023DF8F1100BC0DF4 /* Build configuration list for PBXNativeTarget "GottaGoTests" */ = {
			isa = XCConfigurationList;
			buildConfigurations = (
				7801773123DF8F1100BC0DF4 /* Debug */,
				7801773223DF8F1100BC0DF4 /* Release */,
			);
			defaultConfigurationIsVisible = 0;
			defaultConfigurationName = Release;
		};
/* End XCConfigurationList section */
	};
	rootObject = 7801770623DF8F0500BC0DF4 /* Project object */;
}
